
Microsoft Visual Studio Solution File, Format Version 12.00
# Visual Studio Version 17
VisualStudioVersion = 17.0.31903.59
MinimumVisualStudioVersion = 10.0.40219.1
Project("{2150E333-8FDC-42A3-9474-1A3956D46DE8}") = "OracleToSQLMigration", "OracleToSQLMigration", "{4EB984D5-D33F-4250-AFBF-97377569CB93}"
EndProject
Project("{2150E333-8FDC-42A3-9474-1A3956D46DE8}") = "src", "src", "{66ECE63F-351A-42CE-9540-D78D32E0A24A}"
EndProject
Project("{2150E333-8FDC-42A3-9474-1A3956D46DE8}") = "Core", "Core", "{2D0E76E6-2B57-4834-854C-347DD58ED453}"
EndProject
Project("{FAE04EC0-301F-11D3-BF4B-00C04F79EFBC}") = "OracleToSQL.Core", "OracleToSQLMigration\src\Core\OracleToSQL.Core\OracleToSQL.Core.csproj", "{F23AB230-FA1D-41C7-9F21-A40FF99BC597}"
EndProject
Project("{2150E333-8FDC-42A3-9474-1A3956D46DE8}") = "SchemaAnalyzer", "SchemaAnalyzer", "{3C6CA901-E19D-476B-AC09-E94014B74C81}"
EndProject
Project("{FAE04EC0-301F-11D3-BF4B-00C04F79EFBC}") = "OracleToSQL.SchemaAnalyzer", "OracleToSQLMigration\src\SchemaAnalyzer\OracleToSQL.SchemaAnalyzer\OracleToSQL.SchemaAnalyzer.csproj", "{7171F5F4-0B3D-48B5-AE2E-01D8D2831AA9}"
EndProject
Project("{2150E333-8FDC-42A3-9474-1A3956D46DE8}") = "SchemaConverter", "SchemaConverter", "{E86247C3-0065-41F6-B01F-9BC940E30ACB}"
EndProject
Project("{FAE04EC0-301F-11D3-BF4B-00C04F79EFBC}") = "OracleToSQL.SchemaConverter", "OracleToSQLMigration\src\SchemaConverter\OracleToSQL.SchemaConverter\OracleToSQL.SchemaConverter.csproj", "{3B602131-4817-46FF-9C5F-5E94801643BF}"
EndProject
Project("{2150E333-8FDC-42A3-9474-1A3956D46DE8}") = "DataMigrator", "DataMigrator", "{9B4297DB-70F5-4F8E-920B-E08DD896E2EA}"
EndProject
Project("{FAE04EC0-301F-11D3-BF4B-00C04F79EFBC}") = "OracleToSQL.DataMigrator", "OracleToSQLMigration\src\DataMigrator\OracleToSQL.DataMigrator\OracleToSQL.DataMigrator.csproj", "{24169849-6E8A-4318-BF86-5B1FA513C942}"
EndProject
Project("{2150E333-8FDC-42A3-9474-1A3956D46DE8}") = "CLI", "CLI", "{62D50905-E8C0-46B8-B135-0738222FD411}"
EndProject
Project("{FAE04EC0-301F-11D3-BF4B-00C04F79EFBC}") = "OracleToSQL.CLI", "OracleToSQLMigration\src\CLI\OracleToSQL.CLI\OracleToSQL.CLI.csproj", "{6DC5E20D-6B03-432B-8336-167D7C9F525C}"
EndProject
Project("{2150E333-8FDC-42A3-9474-1A3956D46DE8}") = "GUI", "GUI", "{CD11A8CA-18F4-4FE9-8228-07464B01C71E}"
EndProject
Project("{FAE04EC0-301F-11D3-BF4B-00C04F79EFBC}") = "OracleToSQL.GUI", "OracleToSQLMigration\src\GUI\OracleToSQL.GUI\OracleToSQL.GUI.csproj", "{4876AD51-74DC-45BB-865C-DECA802F906D}"
EndProject
Global
	GlobalSection(SolutionConfigurationPlatforms) = preSolution
		Debug|Any CPU = Debug|Any CPU
		Release|Any CPU = Release|Any CPU
	EndGlobalSection
	GlobalSection(SolutionProperties) = preSolution
		HideSolutionNode = FALSE
	EndGlobalSection
	GlobalSection(ProjectConfigurationPlatforms) = postSolution
		{F23AB230-FA1D-41C7-9F21-A40FF99BC597}.Debug|Any CPU.ActiveCfg = Debug|Any CPU
		{F23AB230-FA1D-41C7-9F21-A40FF99BC597}.Debug|Any CPU.Build.0 = Debug|Any CPU
		{F23AB230-FA1D-41C7-9F21-A40FF99BC597}.Release|Any CPU.ActiveCfg = Release|Any CPU
		{F23AB230-FA1D-41C7-9F21-A40FF99BC597}.Release|Any CPU.Build.0 = Release|Any CPU
		{7171F5F4-0B3D-48B5-AE2E-01D8D2831AA9}.Debug|Any CPU.ActiveCfg = Debug|Any CPU
		{7171F5F4-0B3D-48B5-AE2E-01D8D2831AA9}.Debug|Any CPU.Build.0 = Debug|Any CPU
		{7171F5F4-0B3D-48B5-AE2E-01D8D2831AA9}.Release|Any CPU.ActiveCfg = Release|Any CPU
		{7171F5F4-0B3D-48B5-AE2E-01D8D2831AA9}.Release|Any CPU.Build.0 = Release|Any CPU
		{3B602131-4817-46FF-9C5F-5E94801643BF}.Debug|Any CPU.ActiveCfg = Debug|Any CPU
		{3B602131-4817-46FF-9C5F-5E94801643BF}.Debug|Any CPU.Build.0 = Debug|Any CPU
		{3B602131-4817-46FF-9C5F-5E94801643BF}.Release|Any CPU.ActiveCfg = Release|Any CPU
		{3B602131-4817-46FF-9C5F-5E94801643BF}.Release|Any CPU.Build.0 = Release|Any CPU
		{24169849-6E8A-4318-BF86-5B1FA513C942}.Debug|Any CPU.ActiveCfg = Debug|Any CPU
		{24169849-6E8A-4318-BF86-5B1FA513C942}.Debug|Any CPU.Build.0 = Debug|Any CPU
		{24169849-6E8A-4318-BF86-5B1FA513C942}.Release|Any CPU.ActiveCfg = Release|Any CPU
		{24169849-6E8A-4318-BF86-5B1FA513C942}.Release|Any CPU.Build.0 = Release|Any CPU
		{6DC5E20D-6B03-432B-8336-167D7C9F525C}.Debug|Any CPU.ActiveCfg = Debug|Any CPU
		{6DC5E20D-6B03-432B-8336-167D7C9F525C}.Debug|Any CPU.Build.0 = Debug|Any CPU
		{6DC5E20D-6B03-432B-8336-167D7C9F525C}.Release|Any CPU.ActiveCfg = Release|Any CPU
		{6DC5E20D-6B03-432B-8336-167D7C9F525C}.Release|Any CPU.Build.0 = Release|Any CPU
		{4876AD51-74DC-45BB-865C-DECA802F906D}.Debug|Any CPU.ActiveCfg = Debug|Any CPU
		{4876AD51-74DC-45BB-865C-DECA802F906D}.Debug|Any CPU.Build.0 = Debug|Any CPU
		{4876AD51-74DC-45BB-865C-DECA802F906D}.Release|Any CPU.ActiveCfg = Release|Any CPU
		{4876AD51-74DC-45BB-865C-DECA802F906D}.Release|Any CPU.Build.0 = Release|Any CPU
	EndGlobalSection
	GlobalSection(NestedProjects) = preSolution
		{66ECE63F-351A-42CE-9540-D78D32E0A24A} = {4EB984D5-D33F-4250-AFBF-97377569CB93}
		{2D0E76E6-2B57-4834-854C-347DD58ED453} = {66ECE63F-351A-42CE-9540-D78D32E0A24A}
		{F23AB230-FA1D-41C7-9F21-A40FF99BC597} = {2D0E76E6-2B57-4834-854C-347DD58ED453}
		{3C6CA901-E19D-476B-AC09-E94014B74C81} = {66ECE63F-351A-42CE-9540-D78D32E0A24A}
		{7171F5F4-0B3D-48B5-AE2E-01D8D2831AA9} = {3C6CA901-E19D-476B-AC09-E94014B74C81}
		{E86247C3-0065-41F6-B01F-9BC940E30ACB} = {66ECE63F-351A-42CE-9540-D78D32E0A24A}
		{3B602131-4817-46FF-9C5F-5E94801643BF} = {E86247C3-0065-41F6-B01F-9BC940E30ACB}
		{9B4297DB-70F5-4F8E-920B-E08DD896E2EA} = {66ECE63F-351A-42CE-9540-D78D32E0A24A}
		{24169849-6E8A-4318-BF86-5B1FA513C942} = {9B4297DB-70F5-4F8E-920B-E08DD896E2EA}
		{62D50905-E8C0-46B8-B135-0738222FD411} = {66ECE63F-351A-42CE-9540-D78D32E0A24A}
		{6DC5E20D-6B03-432B-8336-167D7C9F525C} = {62D50905-E8C0-46B8-B135-0738222FD411}
		{CD11A8CA-18F4-4FE9-8228-07464B01C71E} = {66ECE63F-351A-42CE-9540-D78D32E0A24A}
		{4876AD51-74DC-45BB-865C-DECA802F906D} = {CD11A8CA-18F4-4FE9-8228-07464B01C71E}
	EndGlobalSection
EndGlobal
